
Microsoft Visual Studio Solution File, Format Version 11.00
# Visual Studio 2010
# SharpDevelop 5.1
Project("{FAE04EC0-301F-11D3-BF4B-00C04F79EFBC}") = "W4", "W4\W4.csproj", "{18D01E67-FD4D-46C4-8434-DEB027F3E4FA}"
EndProject
Global
	GlobalSection(SolutionConfigurationPlatforms) = preSolution
		Debug|Any CPU = Debug|Any CPU
		Release|Any CPU = Release|Any CPU
	EndGlobalSection
	GlobalSection(ProjectConfigurationPlatforms) = postSolution
		{18D01E67-FD4D-46C4-8434-DEB027F3E4FA}.Debug|Any CPU.ActiveCfg = Debug|Any CPU
		{18D01E67-FD4D-46C4-8434-DEB027F3E4FA}.Debug|Any CPU.Build.0 = Debug|Any CPU
		{18D01E67-FD4D-46C4-8434-DEB027F3E4FA}.Release|Any CPU.ActiveCfg = Release|Any CPU
		{18D01E67-FD4D-46C4-8434-DEB027F3E4FA}.Release|Any CPU.Build.0 = Release|Any CPU
	EndGlobalSection
EndGlobal
